{
  "version": 1,
  "dependencies": {
    "net8.0-windows7.0": {
      "DalamudPackager": {
        "type": "Direct",
        "requested": "[2.1.12, )",
        "resolved": "2.1.12",
        "contentHash": "Sc0PVxvgg4NQjcI8n10/VfUQBAS4O+Fw2pZrAqBdRMbthYGeogzu5+xmIGCGmsEZ/ukMOBuAqiNiB5qA3MRalg=="
      },
      "Fody": {
        "type": "Direct",
        "requested": "[6.8.0, )",
        "resolved": "6.8.0",
        "contentHash": "hfZ/f8Mezt8aTkgv9nsvFdYoQ809/AqwsJlOGOPYIfBcG2aAIG3v3ex9d8ZqQuFYyMoucjRg4eKy3VleeGodKQ=="
      },
      "PropertyChanged.Fody": {
        "type": "Direct",
        "requested": "[4.1.0, )",
        "resolved": "4.1.0",
        "contentHash": "6v+f9cI8YjnZH2WBHuOqWEAo8DFFNGFIdU8xD3AsL6fhV6Y8oAmVWd7XKk49t8DpeUBwhR/X+97+6Epvek0Y3A==",
        "dependencies": {
          "Fody": "6.6.4"
        }
      }
    }
  }
}